
Microsoft Visual Studio Solution File, Format Version 12.00
# Visual Studio Version 16
VisualStudioVersion = 16.0.29806.167
MinimumVisualStudioVersion = 10.0.40219.1
Project("{FAE04EC0-301F-11D3-BF4B-00C04F79EFBC}") = "WebSite", "WebSite\WebSite.csproj", "{D33A0831-3756-4F0B-83B4-57007165AF6E}"
EndProject
Project("{FAE04EC0-301F-11D3-BF4B-00C04F79EFBC}") = "CapaDatos", "CapaDatos\CapaDatos.csproj", "{B7F508F5-D6D1-4D48-B210-CEABB1810C4D}"
EndProject
Project("{FAE04EC0-301F-11D3-BF4B-00C04F79EFBC}") = "WebSiteLogin", "WebSiteLogin\WebSiteLogin.csproj", "{E753B442-8A81-4762-BC82-F9CE58AE0CF8}"
EndProject
Global
	GlobalSection(SolutionConfigurationPlatforms) = preSolution
		Debug|Any CPU = Debug|Any CPU
		Release|Any CPU = Release|Any CPU
	EndGlobalSection
	GlobalSection(ProjectConfigurationPlatforms) = postSolution
		{D33A0831-3756-4F0B-83B4-57007165AF6E}.Debug|Any CPU.ActiveCfg = Debug|Any CPU
		{D33A0831-3756-4F0B-83B4-57007165AF6E}.Debug|Any CPU.Build.0 = Debug|Any CPU
		{D33A0831-3756-4F0B-83B4-57007165AF6E}.Release|Any CPU.ActiveCfg = Release|Any CPU
		{D33A0831-3756-4F0B-83B4-57007165AF6E}.Release|Any CPU.Build.0 = Release|Any CPU
		{B7F508F5-D6D1-4D48-B210-CEABB1810C4D}.Debug|Any CPU.ActiveCfg = Debug|Any CPU
		{B7F508F5-D6D1-4D48-B210-CEABB1810C4D}.Debug|Any CPU.Build.0 = Debug|Any CPU
		{B7F508F5-D6D1-4D48-B210-CEABB1810C4D}.Release|Any CPU.ActiveCfg = Release|Any CPU
		{B7F508F5-D6D1-4D48-B210-CEABB1810C4D}.Release|Any CPU.Build.0 = Release|Any CPU
		{E753B442-8A81-4762-BC82-F9CE58AE0CF8}.Debug|Any CPU.ActiveCfg = Debug|Any CPU
		{E753B442-8A81-4762-BC82-F9CE58AE0CF8}.Debug|Any CPU.Build.0 = Debug|Any CPU
		{E753B442-8A81-4762-BC82-F9CE58AE0CF8}.Release|Any CPU.ActiveCfg = Release|Any CPU
		{E753B442-8A81-4762-BC82-F9CE58AE0CF8}.Release|Any CPU.Build.0 = Release|Any CPU
	EndGlobalSection
	GlobalSection(SolutionProperties) = preSolution
		HideSolutionNode = FALSE
	EndGlobalSection
	GlobalSection(ExtensibilityGlobals) = postSolution
		SolutionGuid = {CB47ACCF-B2EA-454C-A3D5-2C594370979B}
	EndGlobalSection
EndGlobal
